
Microsoft Visual Studio Solution File, Format Version 12.00
# Visual Studio Version 17
VisualStudioVersion = 17.14.36811.4
MinimumVisualStudioVersion = 10.0.40219.1
Project("{8BC9CEB8-8B4A-11D0-8D11-00A0C91BC942}") = "epoll_learn", "epoll_learn.vcxproj", "{0E1ED88E-C1CF-4741-9751-AE64E9D4E4C9}"
EndProject
Project("{8BC9CEB8-8B4A-11D0-8D11-00A0C91BC942}") = "Client_main", "..\Client_main\Client_main.vcxproj", "{C2C9808E-0D1E-41BC-BA2D-CF2D51E0E1D7}"
EndProject
Global
	GlobalSection(SolutionConfigurationPlatforms) = preSolution
		Debug|ARM = Debug|ARM
		Debug|ARM64 = Debug|ARM64
		Debug|Linux = Debug|Linux
		Debug|x64 = Debug|x64
		Debug|x86 = Debug|x86
		Release|ARM = Release|ARM
		Release|ARM64 = Release|ARM64
		Release|Linux = Release|Linux
		Release|x64 = Release|x64
		Release|x86 = Release|x86
	EndGlobalSection
	GlobalSection(ProjectConfigurationPlatforms) = postSolution
		{0E1ED88E-C1CF-4741-9751-AE64E9D4E4C9}.Debug|ARM.ActiveCfg = Debug|ARM
		{0E1ED88E-C1CF-4741-9751-AE64E9D4E4C9}.Debug|ARM.Build.0 = Debug|ARM
		{0E1ED88E-C1CF-4741-9751-AE64E9D4E4C9}.Debug|ARM.Deploy.0 = Debug|ARM
		{0E1ED88E-C1CF-4741-9751-AE64E9D4E4C9}.Debug|ARM64.ActiveCfg = Debug|ARM64
		{0E1ED88E-C1CF-4741-9751-AE64E9D4E4C9}.Debug|ARM64.Build.0 = Debug|ARM64
		{0E1ED88E-C1CF-4741-9751-AE64E9D4E4C9}.Debug|ARM64.Deploy.0 = Debug|ARM64
		{0E1ED88E-C1CF-4741-9751-AE64E9D4E4C9}.Debug|Linux.ActiveCfg = Debug|x64
		{0E1ED88E-C1CF-4741-9751-AE64E9D4E4C9}.Debug|Linux.Build.0 = Debug|x64
		{0E1ED88E-C1CF-4741-9751-AE64E9D4E4C9}.Debug|Linux.Deploy.0 = Debug|x64
		{0E1ED88E-C1CF-4741-9751-AE64E9D4E4C9}.Debug|x64.ActiveCfg = Debug|x64
		{0E1ED88E-C1CF-4741-9751-AE64E9D4E4C9}.Debug|x64.Build.0 = Debug|x64
		{0E1ED88E-C1CF-4741-9751-AE64E9D4E4C9}.Debug|x64.Deploy.0 = Debug|x64
		{0E1ED88E-C1CF-4741-9751-AE64E9D4E4C9}.Debug|x86.ActiveCfg = Debug|x86
		{0E1ED88E-C1CF-4741-9751-AE64E9D4E4C9}.Debug|x86.Build.0 = Debug|x86
		{0E1ED88E-C1CF-4741-9751-AE64E9D4E4C9}.Debug|x86.Deploy.0 = Debug|x86
		{0E1ED88E-C1CF-4741-9751-AE64E9D4E4C9}.Release|ARM.ActiveCfg = Release|ARM
		{0E1ED88E-C1CF-4741-9751-AE64E9D4E4C9}.Release|ARM.Build.0 = Release|ARM
		{0E1ED88E-C1CF-4741-9751-AE64E9D4E4C9}.Release|ARM.Deploy.0 = Release|ARM
		{0E1ED88E-C1CF-4741-9751-AE64E9D4E4C9}.Release|ARM64.ActiveCfg = Release|ARM64
		{0E1ED88E-C1CF-4741-9751-AE64E9D4E4C9}.Release|ARM64.Build.0 = Release|ARM64
		{0E1ED88E-C1CF-4741-9751-AE64E9D4E4C9}.Release|ARM64.Deploy.0 = Release|ARM64
		{0E1ED88E-C1CF-4741-9751-AE64E9D4E4C9}.Release|Linux.ActiveCfg = Release|x64
		{0E1ED88E-C1CF-4741-9751-AE64E9D4E4C9}.Release|Linux.Build.0 = Release|x64
		{0E1ED88E-C1CF-4741-9751-AE64E9D4E4C9}.Release|Linux.Deploy.0 = Release|x64
		{0E1ED88E-C1CF-4741-9751-AE64E9D4E4C9}.Release|x64.ActiveCfg = Release|x64
		{0E1ED88E-C1CF-4741-9751-AE64E9D4E4C9}.Release|x64.Build.0 = Release|x64
		{0E1ED88E-C1CF-4741-9751-AE64E9D4E4C9}.Release|x64.Deploy.0 = Release|x64
		{0E1ED88E-C1CF-4741-9751-AE64E9D4E4C9}.Release|x86.ActiveCfg = Release|x86
		{0E1ED88E-C1CF-4741-9751-AE64E9D4E4C9}.Release|x86.Build.0 = Release|x86
		{0E1ED88E-C1CF-4741-9751-AE64E9D4E4C9}.Release|x86.Deploy.0 = Release|x86
		{C2C9808E-0D1E-41BC-BA2D-CF2D51E0E1D7}.Debug|ARM.ActiveCfg = Debug|ARM
		{C2C9808E-0D1E-41BC-BA2D-CF2D51E0E1D7}.Debug|ARM.Build.0 = Debug|ARM
		{C2C9808E-0D1E-41BC-BA2D-CF2D51E0E1D7}.Debug|ARM.Deploy.0 = Debug|ARM
		{C2C9808E-0D1E-41BC-BA2D-CF2D51E0E1D7}.Debug|ARM64.ActiveCfg = Debug|ARM64
		{C2C9808E-0D1E-41BC-BA2D-CF2D51E0E1D7}.Debug|ARM64.Build.0 = Debug|ARM64
		{C2C9808E-0D1E-41BC-BA2D-CF2D51E0E1D7}.Debug|ARM64.Deploy.0 = Debug|ARM64
		{C2C9808E-0D1E-41BC-BA2D-CF2D51E0E1D7}.Debug|Linux.ActiveCfg = Debug|x64
		{C2C9808E-0D1E-41BC-BA2D-CF2D51E0E1D7}.Debug|Linux.Build.0 = Debug|x64
		{C2C9808E-0D1E-41BC-BA2D-CF2D51E0E1D7}.Debug|Linux.Deploy.0 = Debug|x64
		{C2C9808E-0D1E-41BC-BA2D-CF2D51E0E1D7}.Debug|x64.ActiveCfg = Debug|x64
		{C2C9808E-0D1E-41BC-BA2D-CF2D51E0E1D7}.Debug|x64.Build.0 = Debug|x64
		{C2C9808E-0D1E-41BC-BA2D-CF2D51E0E1D7}.Debug|x64.Deploy.0 = Debug|x64
		{C2C9808E-0D1E-41BC-BA2D-CF2D51E0E1D7}.Debug|x86.ActiveCfg = Debug|x86
		{C2C9808E-0D1E-41BC-BA2D-CF2D51E0E1D7}.Debug|x86.Build.0 = Debug|x86
		{C2C9808E-0D1E-41BC-BA2D-CF2D51E0E1D7}.Debug|x86.Deploy.0 = Debug|x86
		{C2C9808E-0D1E-41BC-BA2D-CF2D51E0E1D7}.Release|ARM.ActiveCfg = Release|ARM
		{C2C9808E-0D1E-41BC-BA2D-CF2D51E0E1D7}.Release|ARM.Build.0 = Release|ARM
		{C2C9808E-0D1E-41BC-BA2D-CF2D51E0E1D7}.Release|ARM.Deploy.0 = Release|ARM
		{C2C9808E-0D1E-41BC-BA2D-CF2D51E0E1D7}.Release|ARM64.ActiveCfg = Release|ARM64
		{C2C9808E-0D1E-41BC-BA2D-CF2D51E0E1D7}.Release|ARM64.Build.0 = Release|ARM64
		{C2C9808E-0D1E-41BC-BA2D-CF2D51E0E1D7}.Release|ARM64.Deploy.0 = Release|ARM64
		{C2C9808E-0D1E-41BC-BA2D-CF2D51E0E1D7}.Release|Linux.ActiveCfg = Release|x64
		{C2C9808E-0D1E-41BC-BA2D-CF2D51E0E1D7}.Release|Linux.Build.0 = Release|x64
		{C2C9808E-0D1E-41BC-BA2D-CF2D51E0E1D7}.Release|Linux.Deploy.0 = Release|x64
		{C2C9808E-0D1E-41BC-BA2D-CF2D51E0E1D7}.Release|x64.ActiveCfg = Release|x64
		{C2C9808E-0D1E-41BC-BA2D-CF2D51E0E1D7}.Release|x64.Build.0 = Release|x64
		{C2C9808E-0D1E-41BC-BA2D-CF2D51E0E1D7}.Release|x64.Deploy.0 = Release|x64
		{C2C9808E-0D1E-41BC-BA2D-CF2D51E0E1D7}.Release|x86.ActiveCfg = Release|x86
		{C2C9808E-0D1E-41BC-BA2D-CF2D51E0E1D7}.Release|x86.Build.0 = Release|x86
		{C2C9808E-0D1E-41BC-BA2D-CF2D51E0E1D7}.Release|x86.Deploy.0 = Release|x86
	EndGlobalSection
	GlobalSection(SolutionProperties) = preSolution
		HideSolutionNode = FALSE
	EndGlobalSection
	GlobalSection(ExtensibilityGlobals) = postSolution
		SolutionGuid = {8C1D76A2-F6BC-43B2-8C1B-9A1091ED58FC}
	EndGlobalSection
EndGlobal
